# THIS IS AN AUTOGENERATED FILE. DO NOT EDIT THIS FILE DIRECTLY.
# yarn lockfile v1


"@babel/code-frame@7.0.0-rc.1":
  version "7.0.0-rc.1"
  resolved "http://snpm.cnsuning.com/@babel%2fcode-frame/-/code-frame-7.0.0-rc.1.tgz#5c2154415d6c09959a71845ef519d11157e95d10"
  dependencies:
    "@babel/highlight" "7.0.0-rc.1"

"@babel/generator@7.0.0-rc.1", "@babel/generator@^7.0.0-beta.51":
  version "7.0.0-rc.1"
  resolved "http://snpm.cnsuning.com/@babel%2fgenerator/-/generator-7.0.0-rc.1.tgz#739c87d70b31aeed802bd6bc9fd51480065c45e8"
  dependencies:
    "@babel/types" "7.0.0-rc.1"
    jsesc "^2.5.1"
    lodash "^4.17.10"
    source-map "^0.5.0"
    trim-right "^1.0.1"

"@babel/helper-function-name@7.0.0-rc.1":
  version "7.0.0-rc.1"
  resolved "http://snpm.cnsuning.com/@babel%2fhelper-function-name/-/helper-function-name-7.0.0-rc.1.tgz#20b2cc836a53c669f297c8d309fc553385c5cdde"
  dependencies:
    "@babel/helper-get-function-arity" "7.0.0-rc.1"
    "@babel/template" "7.0.0-rc.1"
    "@babel/types" "7.0.0-rc.1"

"@babel/helper-get-function-arity@7.0.0-rc.1":
  version "7.0.0-rc.1"
  resolved "http://snpm.cnsuning.com/@babel%2fhelper-get-function-arity/-/helper-get-function-arity-7.0.0-rc.1.tgz#60185957f72ed73766ce74c836ac574921743c46"
  dependencies:
    "@babel/types" "7.0.0-rc.1"

"@babel/helper-split-export-declaration@7.0.0-rc.1":
  version "7.0.0-rc.1"
  resolved "http://snpm.cnsuning.com/@babel%2fhelper-split-export-declaration/-/helper-split-export-declaration-7.0.0-rc.1.tgz#b00323834343fd0210f1f46c7a53521ad53efa5e"
  dependencies:
    "@babel/types" "7.0.0-rc.1"

"@babel/highlight@7.0.0-rc.1":
  version "7.0.0-rc.1"
  resolved "http://snpm.cnsuning.com/@babel%2fhighlight/-/highlight-7.0.0-rc.1.tgz#e0ca4731fa4786f7b9500421d6ff5e5a7753e81e"
  dependencies:
    chalk "^2.0.0"
    esutils "^2.0.2"
    js-tokens "^3.0.0"

"@babel/parser@7.0.0-rc.1", "@babel/parser@^7.0.0-beta.51":
  version "7.0.0-rc.1"
  resolved "http://snpm.cnsuning.com/@babel%2fparser/-/parser-7.0.0-rc.1.tgz#d009a9bba8175d7b971e30cd03535b278c44082d"

"@babel/template@7.0.0-rc.1":
  version "7.0.0-rc.1"
  resolved "http://snpm.cnsuning.com/@babel%2ftemplate/-/template-7.0.0-rc.1.tgz#5f9c0a481c9f22ecdb84697b3c3a34eadeeca23c"
  dependencies:
    "@babel/code-frame" "7.0.0-rc.1"
    "@babel/parser" "7.0.0-rc.1"
    "@babel/types" "7.0.0-rc.1"
    lodash "^4.17.10"

"@babel/traverse@^7.0.0-beta.51":
  version "7.0.0-rc.1"
  resolved "http://snpm.cnsuning.com/@babel%2ftraverse/-/traverse-7.0.0-rc.1.tgz#867b4b45ada2d51ae2d0076f1c1d5880f8557158"
  dependencies:
    "@babel/code-frame" "7.0.0-rc.1"
    "@babel/generator" "7.0.0-rc.1"
    "@babel/helper-function-name" "7.0.0-rc.1"
    "@babel/helper-split-export-declaration" "7.0.0-rc.1"
    "@babel/parser" "7.0.0-rc.1"
    "@babel/types" "7.0.0-rc.1"
    debug "^3.1.0"
    globals "^11.1.0"
    lodash "^4.17.10"

"@babel/types@7.0.0-rc.1", "@babel/types@^7.0.0-beta.51":
  version "7.0.0-rc.1"
  resolved "http://snpm.cnsuning.com/@babel%2ftypes/-/types-7.0.0-rc.1.tgz#6abf6d14ddd9fc022617e5b62e6b32f4fa6526ad"
  dependencies:
    esutils "^2.0.2"
    lodash "^4.17.10"
    to-fast-properties "^2.0.0"

ansi-styles@^3.2.1:
  version "3.2.1"
  resolved "http://snpm.cnsuning.com/ansi-styles/-/ansi-styles-3.2.1.tgz#41fbb20243e50b12be0f04b8dedbf07520ce841d"
  dependencies:
    color-convert "^1.9.0"

chalk@^2.0.0:
  version "2.4.1"
  resolved "http://snpm.cnsuning.com/chalk/-/chalk-2.4.1.tgz#18c49ab16a037b6eb0152cc83e3471338215b66e"
  dependencies:
    ansi-styles "^3.2.1"
    escape-string-regexp "^1.0.5"
    supports-color "^5.3.0"

color-convert@^1.9.0:
  version "1.9.2"
  resolved "http://snpm.cnsuning.com/color-convert/-/color-convert-1.9.2.tgz#49881b8fba67df12a96bdf3f56c0aab9e7913147"
  dependencies:
    color-name "1.1.1"

color-name@1.1.1:
  version "1.1.1"
  resolved "http://snpm.cnsuning.com/color-name/-/color-name-1.1.1.tgz#4b1415304cf50028ea81643643bd82ea05803689"

debug@^3.1.0:
  version "3.1.0"
  resolved "http://snpm.cnsuning.com/debug/-/debug-3.1.0.tgz#5bb5a0672628b64149566ba16819e61518c67261"
  dependencies:
    ms "2.0.0"

escape-string-regexp@^1.0.5:
  version "1.0.5"
  resolved "http://snpm.cnsuning.com/escape-string-regexp/-/escape-string-regexp-1.0.5.tgz#1b61c0562190a8dff6ae3bb2cf0200ca130b86d4"

esutils@^2.0.2:
  version "2.0.2"
  resolved "http://snpm.cnsuning.com/esutils/-/esutils-2.0.2.tgz#0abf4f1caa5bcb1f7a9d8acc6dea4faaa04bac9b"

globals@^11.1.0:
  version "11.7.0"
  resolved "http://snpm.cnsuning.com/globals/-/globals-11.7.0.tgz#a583faa43055b1aca771914bf68258e2fc125673"

has-flag@^3.0.0:
  version "3.0.0"
  resolved "http://snpm.cnsuning.com/has-flag/-/has-flag-3.0.0.tgz#b5d454dc2199ae225699f3467e5a07f3b955bafd"

js-tokens@^3.0.0:
  version "3.0.2"
  resolved "http://snpm.cnsuning.com/js-tokens/-/js-tokens-3.0.2.tgz#9866df395102130e38f7f996bceb65443209c25b"

jsesc@^2.5.1:
  version "2.5.1"
  resolved "http://snpm.cnsuning.com/jsesc/-/jsesc-2.5.1.tgz#e421a2a8e20d6b0819df28908f782526b96dd1fe"

lodash@^4.17.10:
  version "4.17.10"
  resolved "http://snpm.cnsuning.com/lodash/-/lodash-4.17.10.tgz#1b7793cf7259ea38fb3661d4d38b3260af8ae4e7"

ms@2.0.0:
  version "2.0.0"
  resolved "http://snpm.cnsuning.com/ms/-/ms-2.0.0.tgz#5608aeadfc00be6c2901df5f9861788de0d597c8"

source-map@^0.5.0:
  version "0.5.7"
  resolved "http://snpm.cnsuning.com/source-map/-/source-map-0.5.7.tgz#8a039d2d1021d22d1ea14c80d8ea468ba2ef3fcc"

supports-color@^5.3.0:
  version "5.4.0"
  resolved "http://snpm.cnsuning.com/supports-color/-/supports-color-5.4.0.tgz#1c6b337402c2137605efe19f10fec390f6faab54"
  dependencies:
    has-flag "^3.0.0"

to-fast-properties@^2.0.0:
  version "2.0.0"
  resolved "http://snpm.cnsuning.com/to-fast-properties/-/to-fast-properties-2.0.0.tgz#dc5e698cbd079265bc73e0377681a4e4e83f616e"

trim-right@^1.0.1:
  version "1.0.1"
  resolved "http://snpm.cnsuning.com/trim-right/-/trim-right-1.0.1.tgz#cb2e1203067e0c8de1f614094b9fe45704ea6003"
